
Microsoft Visual Studio Solution File, Format Version 12.00
# Visual Studio Version 17
VisualStudioVersion = 17.8.34330.188
MinimumVisualStudioVersion = 10.0.40219.1
Project("{9A19103F-16F7-4668-BE54-9A1E7A4F7556}") = "OOP", "OOP\OOP.csproj", "{573F8DD6-5FD6-4BE0-9078-9B096C48F737}"
EndProject
Project("{9A19103F-16F7-4668-BE54-9A1E7A4F7556}") = "OOPls1", "OOPls1\OOPls1.csproj", "{AC370860-3E9B-45EF-93FB-6451F999111A}"
EndProject
Project("{9A19103F-16F7-4668-BE54-9A1E7A4F7556}") = "OOPls2", "OOPls2\OOPls2.csproj", "{80C2D5CD-B0BF-4570-885A-50BE043C5836}"
EndProject
Project("{9A19103F-16F7-4668-BE54-9A1E7A4F7556}") = "OOPls3", "OOPls3\OOPls3.csproj", "{903F4E2F-CE82-4862-BB7C-5E0EC96AB1F2}"
EndProject
Project("{9A19103F-16F7-4668-BE54-9A1E7A4F7556}") = "OOPls4", "OOPls4\OOPls4.csproj", "{9262D092-86AD-448B-8683-BBED8628E1DF}"
EndProject
Project("{9A19103F-16F7-4668-BE54-9A1E7A4F7556}") = "OOPls5", "OOPls5\OOPls5.csproj", "{40AFF204-4EA6-43ED-B4ED-020A1A3D32FB}"
EndProject
Project("{9A19103F-16F7-4668-BE54-9A1E7A4F7556}") = "OOPls6", "OOPls6\OOPls6.csproj", "{7B491BC7-EC73-46A9-B17F-FD56698585BA}"
EndProject
Project("{9A19103F-16F7-4668-BE54-9A1E7A4F7556}") = "OOPls7", "OOPls7\OOPls7.csproj", "{D64AA8DA-A3CA-4D03-86BF-B033CF9B8D55}"
EndProject
Project("{9A19103F-16F7-4668-BE54-9A1E7A4F7556}") = "OOPls8", "OOPls8\OOPls8.csproj", "{A36AD60F-7262-4746-A805-68FDA231C779}"
EndProject
Project("{9A19103F-16F7-4668-BE54-9A1E7A4F7556}") = "OOPls9", "OOPls9\OOPls9.csproj", "{3B7EB25E-FB2C-4EF4-8303-091667650420}"
EndProject
Project("{9A19103F-16F7-4668-BE54-9A1E7A4F7556}") = "index", "index\index.csproj", "{BD106576-BAF3-4B3B-949A-FDDD00AC83C8}"
EndProject
Project("{9A19103F-16F7-4668-BE54-9A1E7A4F7556}") = "OOP10", "OOP10\OOP10.csproj", "{63303FA4-50E6-48DA-98E8-CB46A9F6F64C}"
EndProject
Project("{9A19103F-16F7-4668-BE54-9A1E7A4F7556}") = "AutoBase", "AutoBase\AutoBase.csproj", "{63910D92-2D7D-4837-9505-9A3CC3E4E74B}"
EndProject
Project("{9A19103F-16F7-4668-BE54-9A1E7A4F7556}") = "Перегрузка операций", "Перегрузка операций\Перегрузка операций.csproj", "{291387E9-3BBA-4698-A7BC-1EE41CA64067}"
EndProject
Project("{9A19103F-16F7-4668-BE54-9A1E7A4F7556}") = "Абстракнные классы", "Абстракнные классы\Абстракнные классы.csproj", "{4A8CFA8A-CE53-46E0-9180-6309640BF689}"
EndProject
Project("{9A19103F-16F7-4668-BE54-9A1E7A4F7556}") = "Операции над колекциями", "Операции над колекциями\Операции над колекциями.csproj", "{4AB60658-3E4F-4CF4-9EB4-2504A5F534D8}"
EndProject
Project("{9A19103F-16F7-4668-BE54-9A1E7A4F7556}") = "Generics", "Generics\Generics.csproj", "{E38B6401-3737-4D03-97CE-ADFD4995D1A2}"
EndProject
Project("{9A19103F-16F7-4668-BE54-9A1E7A4F7556}") = "Delegate", "Delegate\Delegate.csproj", "{7F53EDDA-0D05-42C6-8C12-22BD3127F60D}"
EndProject
Project("{9A19103F-16F7-4668-BE54-9A1E7A4F7556}") = "Collection", "Collection\Collection.csproj", "{74570091-34A8-4F4C-9349-E8D6AFF67A3F}"
EndProject
Project("{9A19103F-16F7-4668-BE54-9A1E7A4F7556}") = "interf", "int\interf.csproj", "{9F77FBC2-7BE8-42DE-9CC9-9F79407EDFFE}"
EndProject
Project("{9A19103F-16F7-4668-BE54-9A1E7A4F7556}") = "sotrudnik", "sotrudnik\sotrudnik.csproj", "{6E938B8D-4B7C-463B-8BC9-BA9CE1BE4ABB}"
EndProject
Project("{FAE04EC0-301F-11D3-BF4B-00C04F79EFBC}") = "Practics", "Practics\Practics.csproj", "{395CEF1E-43C0-4643-90E8-DED508CF6A6C}"
EndProject
Global
	GlobalSection(SolutionConfigurationPlatforms) = preSolution
		Debug|Any CPU = Debug|Any CPU
		Release|Any CPU = Release|Any CPU
	EndGlobalSection
	GlobalSection(ProjectConfigurationPlatforms) = postSolution
		{573F8DD6-5FD6-4BE0-9078-9B096C48F737}.Debug|Any CPU.ActiveCfg = Debug|Any CPU
		{573F8DD6-5FD6-4BE0-9078-9B096C48F737}.Debug|Any CPU.Build.0 = Debug|Any CPU
		{573F8DD6-5FD6-4BE0-9078-9B096C48F737}.Release|Any CPU.ActiveCfg = Release|Any CPU
		{573F8DD6-5FD6-4BE0-9078-9B096C48F737}.Release|Any CPU.Build.0 = Release|Any CPU
		{AC370860-3E9B-45EF-93FB-6451F999111A}.Debug|Any CPU.ActiveCfg = Debug|Any CPU
		{AC370860-3E9B-45EF-93FB-6451F999111A}.Debug|Any CPU.Build.0 = Debug|Any CPU
		{AC370860-3E9B-45EF-93FB-6451F999111A}.Release|Any CPU.ActiveCfg = Release|Any CPU
		{AC370860-3E9B-45EF-93FB-6451F999111A}.Release|Any CPU.Build.0 = Release|Any CPU
		{80C2D5CD-B0BF-4570-885A-50BE043C5836}.Debug|Any CPU.ActiveCfg = Debug|Any CPU
		{80C2D5CD-B0BF-4570-885A-50BE043C5836}.Debug|Any CPU.Build.0 = Debug|Any CPU
		{80C2D5CD-B0BF-4570-885A-50BE043C5836}.Release|Any CPU.ActiveCfg = Release|Any CPU
		{80C2D5CD-B0BF-4570-885A-50BE043C5836}.Release|Any CPU.Build.0 = Release|Any CPU
		{903F4E2F-CE82-4862-BB7C-5E0EC96AB1F2}.Debug|Any CPU.ActiveCfg = Debug|Any CPU
		{903F4E2F-CE82-4862-BB7C-5E0EC96AB1F2}.Debug|Any CPU.Build.0 = Debug|Any CPU
		{903F4E2F-CE82-4862-BB7C-5E0EC96AB1F2}.Release|Any CPU.ActiveCfg = Release|Any CPU
		{903F4E2F-CE82-4862-BB7C-5E0EC96AB1F2}.Release|Any CPU.Build.0 = Release|Any CPU
		{9262D092-86AD-448B-8683-BBED8628E1DF}.Debug|Any CPU.ActiveCfg = Debug|Any CPU
		{9262D092-86AD-448B-8683-BBED8628E1DF}.Debug|Any CPU.Build.0 = Debug|Any CPU
		{9262D092-86AD-448B-8683-BBED8628E1DF}.Release|Any CPU.ActiveCfg = Release|Any CPU
		{9262D092-86AD-448B-8683-BBED8628E1DF}.Release|Any CPU.Build.0 = Release|Any CPU
		{40AFF204-4EA6-43ED-B4ED-020A1A3D32FB}.Debug|Any CPU.ActiveCfg = Debug|Any CPU
		{40AFF204-4EA6-43ED-B4ED-020A1A3D32FB}.Debug|Any CPU.Build.0 = Debug|Any CPU
		{40AFF204-4EA6-43ED-B4ED-020A1A3D32FB}.Release|Any CPU.ActiveCfg = Release|Any CPU
		{40AFF204-4EA6-43ED-B4ED-020A1A3D32FB}.Release|Any CPU.Build.0 = Release|Any CPU
		{7B491BC7-EC73-46A9-B17F-FD56698585BA}.Debug|Any CPU.ActiveCfg = Debug|Any CPU
		{7B491BC7-EC73-46A9-B17F-FD56698585BA}.Debug|Any CPU.Build.0 = Debug|Any CPU
		{7B491BC7-EC73-46A9-B17F-FD56698585BA}.Release|Any CPU.ActiveCfg = Release|Any CPU
		{7B491BC7-EC73-46A9-B17F-FD56698585BA}.Release|Any CPU.Build.0 = Release|Any CPU
		{D64AA8DA-A3CA-4D03-86BF-B033CF9B8D55}.Debug|Any CPU.ActiveCfg = Debug|Any CPU
		{D64AA8DA-A3CA-4D03-86BF-B033CF9B8D55}.Debug|Any CPU.Build.0 = Debug|Any CPU
		{D64AA8DA-A3CA-4D03-86BF-B033CF9B8D55}.Release|Any CPU.ActiveCfg = Release|Any CPU
		{D64AA8DA-A3CA-4D03-86BF-B033CF9B8D55}.Release|Any CPU.Build.0 = Release|Any CPU
		{A36AD60F-7262-4746-A805-68FDA231C779}.Debug|Any CPU.ActiveCfg = Debug|Any CPU
		{A36AD60F-7262-4746-A805-68FDA231C779}.Debug|Any CPU.Build.0 = Debug|Any CPU
		{A36AD60F-7262-4746-A805-68FDA231C779}.Release|Any CPU.ActiveCfg = Release|Any CPU
		{A36AD60F-7262-4746-A805-68FDA231C779}.Release|Any CPU.Build.0 = Release|Any CPU
		{3B7EB25E-FB2C-4EF4-8303-091667650420}.Debug|Any CPU.ActiveCfg = Debug|Any CPU
		{3B7EB25E-FB2C-4EF4-8303-091667650420}.Debug|Any CPU.Build.0 = Debug|Any CPU
		{3B7EB25E-FB2C-4EF4-8303-091667650420}.Release|Any CPU.ActiveCfg = Release|Any CPU
		{3B7EB25E-FB2C-4EF4-8303-091667650420}.Release|Any CPU.Build.0 = Release|Any CPU
		{BD106576-BAF3-4B3B-949A-FDDD00AC83C8}.Debug|Any CPU.ActiveCfg = Debug|Any CPU
		{BD106576-BAF3-4B3B-949A-FDDD00AC83C8}.Debug|Any CPU.Build.0 = Debug|Any CPU
		{BD106576-BAF3-4B3B-949A-FDDD00AC83C8}.Release|Any CPU.ActiveCfg = Release|Any CPU
		{BD106576-BAF3-4B3B-949A-FDDD00AC83C8}.Release|Any CPU.Build.0 = Release|Any CPU
		{63303FA4-50E6-48DA-98E8-CB46A9F6F64C}.Debug|Any CPU.ActiveCfg = Debug|Any CPU
		{63303FA4-50E6-48DA-98E8-CB46A9F6F64C}.Debug|Any CPU.Build.0 = Debug|Any CPU
		{63303FA4-50E6-48DA-98E8-CB46A9F6F64C}.Release|Any CPU.ActiveCfg = Release|Any CPU
		{63303FA4-50E6-48DA-98E8-CB46A9F6F64C}.Release|Any CPU.Build.0 = Release|Any CPU
		{63910D92-2D7D-4837-9505-9A3CC3E4E74B}.Debug|Any CPU.ActiveCfg = Debug|Any CPU
		{63910D92-2D7D-4837-9505-9A3CC3E4E74B}.Debug|Any CPU.Build.0 = Debug|Any CPU
		{63910D92-2D7D-4837-9505-9A3CC3E4E74B}.Release|Any CPU.ActiveCfg = Release|Any CPU
		{63910D92-2D7D-4837-9505-9A3CC3E4E74B}.Release|Any CPU.Build.0 = Release|Any CPU
		{291387E9-3BBA-4698-A7BC-1EE41CA64067}.Debug|Any CPU.ActiveCfg = Debug|Any CPU
		{291387E9-3BBA-4698-A7BC-1EE41CA64067}.Debug|Any CPU.Build.0 = Debug|Any CPU
		{291387E9-3BBA-4698-A7BC-1EE41CA64067}.Release|Any CPU.ActiveCfg = Release|Any CPU
		{291387E9-3BBA-4698-A7BC-1EE41CA64067}.Release|Any CPU.Build.0 = Release|Any CPU
		{4A8CFA8A-CE53-46E0-9180-6309640BF689}.Debug|Any CPU.ActiveCfg = Debug|Any CPU
		{4A8CFA8A-CE53-46E0-9180-6309640BF689}.Debug|Any CPU.Build.0 = Debug|Any CPU
		{4A8CFA8A-CE53-46E0-9180-6309640BF689}.Release|Any CPU.ActiveCfg = Release|Any CPU
		{4A8CFA8A-CE53-46E0-9180-6309640BF689}.Release|Any CPU.Build.0 = Release|Any CPU
		{4AB60658-3E4F-4CF4-9EB4-2504A5F534D8}.Debug|Any CPU.ActiveCfg = Debug|Any CPU
		{4AB60658-3E4F-4CF4-9EB4-2504A5F534D8}.Debug|Any CPU.Build.0 = Debug|Any CPU
		{4AB60658-3E4F-4CF4-9EB4-2504A5F534D8}.Release|Any CPU.ActiveCfg = Release|Any CPU
		{4AB60658-3E4F-4CF4-9EB4-2504A5F534D8}.Release|Any CPU.Build.0 = Release|Any CPU
		{E38B6401-3737-4D03-97CE-ADFD4995D1A2}.Debug|Any CPU.ActiveCfg = Debug|Any CPU
		{E38B6401-3737-4D03-97CE-ADFD4995D1A2}.Debug|Any CPU.Build.0 = Debug|Any CPU
		{E38B6401-3737-4D03-97CE-ADFD4995D1A2}.Release|Any CPU.ActiveCfg = Release|Any CPU
		{E38B6401-3737-4D03-97CE-ADFD4995D1A2}.Release|Any CPU.Build.0 = Release|Any CPU
		{7F53EDDA-0D05-42C6-8C12-22BD3127F60D}.Debug|Any CPU.ActiveCfg = Debug|Any CPU
		{7F53EDDA-0D05-42C6-8C12-22BD3127F60D}.Debug|Any CPU.Build.0 = Debug|Any CPU
		{7F53EDDA-0D05-42C6-8C12-22BD3127F60D}.Release|Any CPU.ActiveCfg = Release|Any CPU
		{7F53EDDA-0D05-42C6-8C12-22BD3127F60D}.Release|Any CPU.Build.0 = Release|Any CPU
		{74570091-34A8-4F4C-9349-E8D6AFF67A3F}.Debug|Any CPU.ActiveCfg = Debug|Any CPU
		{74570091-34A8-4F4C-9349-E8D6AFF67A3F}.Debug|Any CPU.Build.0 = Debug|Any CPU
		{74570091-34A8-4F4C-9349-E8D6AFF67A3F}.Release|Any CPU.ActiveCfg = Release|Any CPU
		{74570091-34A8-4F4C-9349-E8D6AFF67A3F}.Release|Any CPU.Build.0 = Release|Any CPU
		{9F77FBC2-7BE8-42DE-9CC9-9F79407EDFFE}.Debug|Any CPU.ActiveCfg = Debug|Any CPU
		{9F77FBC2-7BE8-42DE-9CC9-9F79407EDFFE}.Debug|Any CPU.Build.0 = Debug|Any CPU
		{9F77FBC2-7BE8-42DE-9CC9-9F79407EDFFE}.Release|Any CPU.ActiveCfg = Release|Any CPU
		{9F77FBC2-7BE8-42DE-9CC9-9F79407EDFFE}.Release|Any CPU.Build.0 = Release|Any CPU
		{6E938B8D-4B7C-463B-8BC9-BA9CE1BE4ABB}.Debug|Any CPU.ActiveCfg = Debug|Any CPU
		{6E938B8D-4B7C-463B-8BC9-BA9CE1BE4ABB}.Debug|Any CPU.Build.0 = Debug|Any CPU
		{6E938B8D-4B7C-463B-8BC9-BA9CE1BE4ABB}.Release|Any CPU.ActiveCfg = Release|Any CPU
		{6E938B8D-4B7C-463B-8BC9-BA9CE1BE4ABB}.Release|Any CPU.Build.0 = Release|Any CPU
		{395CEF1E-43C0-4643-90E8-DED508CF6A6C}.Debug|Any CPU.ActiveCfg = Debug|Any CPU
		{395CEF1E-43C0-4643-90E8-DED508CF6A6C}.Debug|Any CPU.Build.0 = Debug|Any CPU
		{395CEF1E-43C0-4643-90E8-DED508CF6A6C}.Release|Any CPU.ActiveCfg = Release|Any CPU
		{395CEF1E-43C0-4643-90E8-DED508CF6A6C}.Release|Any CPU.Build.0 = Release|Any CPU
	EndGlobalSection
	GlobalSection(SolutionProperties) = preSolution
		HideSolutionNode = FALSE
	EndGlobalSection
	GlobalSection(ExtensibilityGlobals) = postSolution
		SolutionGuid = {1C1AC8D2-1E25-404D-B1D7-E3B60D8F2600}
	EndGlobalSection
EndGlobal
