
Microsoft Visual Studio Solution File, Format Version 12.00
# Visual Studio Version 17
VisualStudioVersion = 17.8.34330.188
MinimumVisualStudioVersion = 10.0.40219.1
Project("{9A19103F-16F7-4668-BE54-9A1E7A4F7556}") = "OOP", "OOP\OOP.csproj", "{573F8DD6-5FD6-4BE0-9078-9B096C48F737}"
EndProject
Project("{9A19103F-16F7-4668-BE54-9A1E7A4F7556}") = "OOPls1", "OOPls1\OOPls1.csproj", "{AC370860-3E9B-45EF-93FB-6451F999111A}"
EndProject
Project("{9A19103F-16F7-4668-BE54-9A1E7A4F7556}") = "OOPls2", "OOPls2\OOPls2.csproj", "{80C2D5CD-B0BF-4570-885A-50BE043C5836}"
EndProject
Project("{9A19103F-16F7-4668-BE54-9A1E7A4F7556}") = "OOPls3", "OOPls3\OOPls3.csproj", "{903F4E2F-CE82-4862-BB7C-5E0EC96AB1F2}"
EndProject
Project("{FAE04EC0-301F-11D3-BF4B-00C04F79EFBC}") = "OOPls4", "OOPls4\OOPls4.csproj", "{9262D092-86AD-448B-8683-BBED8628E1DF}"
EndProject
Global
	GlobalSection(SolutionConfigurationPlatforms) = preSolution
		Debug|Any CPU = Debug|Any CPU
		Release|Any CPU = Release|Any CPU
	EndGlobalSection
	GlobalSection(ProjectConfigurationPlatforms) = postSolution
		{573F8DD6-5FD6-4BE0-9078-9B096C48F737}.Debug|Any CPU.ActiveCfg = Debug|Any CPU
		{573F8DD6-5FD6-4BE0-9078-9B096C48F737}.Debug|Any CPU.Build.0 = Debug|Any CPU
		{573F8DD6-5FD6-4BE0-9078-9B096C48F737}.Release|Any CPU.ActiveCfg = Release|Any CPU
		{573F8DD6-5FD6-4BE0-9078-9B096C48F737}.Release|Any CPU.Build.0 = Release|Any CPU
		{AC370860-3E9B-45EF-93FB-6451F999111A}.Debug|Any CPU.ActiveCfg = Debug|Any CPU
		{AC370860-3E9B-45EF-93FB-6451F999111A}.Debug|Any CPU.Build.0 = Debug|Any CPU
		{AC370860-3E9B-45EF-93FB-6451F999111A}.Release|Any CPU.ActiveCfg = Release|Any CPU
		{AC370860-3E9B-45EF-93FB-6451F999111A}.Release|Any CPU.Build.0 = Release|Any CPU
		{80C2D5CD-B0BF-4570-885A-50BE043C5836}.Debug|Any CPU.ActiveCfg = Debug|Any CPU
		{80C2D5CD-B0BF-4570-885A-50BE043C5836}.Debug|Any CPU.Build.0 = Debug|Any CPU
		{80C2D5CD-B0BF-4570-885A-50BE043C5836}.Release|Any CPU.ActiveCfg = Release|Any CPU
		{80C2D5CD-B0BF-4570-885A-50BE043C5836}.Release|Any CPU.Build.0 = Release|Any CPU
		{903F4E2F-CE82-4862-BB7C-5E0EC96AB1F2}.Debug|Any CPU.ActiveCfg = Debug|Any CPU
		{903F4E2F-CE82-4862-BB7C-5E0EC96AB1F2}.Debug|Any CPU.Build.0 = Debug|Any CPU
		{903F4E2F-CE82-4862-BB7C-5E0EC96AB1F2}.Release|Any CPU.ActiveCfg = Release|Any CPU
		{903F4E2F-CE82-4862-BB7C-5E0EC96AB1F2}.Release|Any CPU.Build.0 = Release|Any CPU
		{9262D092-86AD-448B-8683-BBED8628E1DF}.Debug|Any CPU.ActiveCfg = Debug|Any CPU
		{9262D092-86AD-448B-8683-BBED8628E1DF}.Debug|Any CPU.Build.0 = Debug|Any CPU
		{9262D092-86AD-448B-8683-BBED8628E1DF}.Release|Any CPU.ActiveCfg = Release|Any CPU
		{9262D092-86AD-448B-8683-BBED8628E1DF}.Release|Any CPU.Build.0 = Release|Any CPU
	EndGlobalSection
	GlobalSection(SolutionProperties) = preSolution
		HideSolutionNode = FALSE
	EndGlobalSection
	GlobalSection(ExtensibilityGlobals) = postSolution
		SolutionGuid = {1C1AC8D2-1E25-404D-B1D7-E3B60D8F2600}
	EndGlobalSection
EndGlobal
